// !$*UTF8*$!
{
	archiveVersion = 1;
	classes = {
	};
	objectVersion = 55;
	objects = {

/* Begin PBXBuildFile section */
		EA895F292885EC4700E1C001 /* AppDelegate.swift in Sources */ = {isa = PBXBuildFile; fileRef = EA895F282885EC4700E1C001 /* AppDelegate.swift */; };
		EA895F2B2885EC4700E1C001 /* SceneDelegate.swift in Sources */ = {isa = PBXBuildFile; fileRef = EA895F2A2885EC4700E1C001 /* SceneDelegate.swift */; };
		EA895F322885EC4900E1C001 /* Assets.xcassets in Resources */ = {isa = PBXBuildFile; fileRef = EA895F312885EC4900E1C001 /* Assets.xcassets */; };
		EA895F352885EC4900E1C001 /* LaunchScreen.storyboard in Resources */ = {isa = PBXBuildFile; fileRef = EA895F332885EC4900E1C001 /* LaunchScreen.storyboard */; };
		EA895F402885EC4900E1C001 /* CinemaTests.swift in Sources */ = {isa = PBXBuildFile; fileRef = EA895F3F2885EC4900E1C001 /* CinemaTests.swift */; };
		EA895F4A2885EC4900E1C001 /* CinemaUITests.swift in Sources */ = {isa = PBXBuildFile; fileRef = EA895F492885EC4900E1C001 /* CinemaUITests.swift */; };
		EA895F4C2885EC4900E1C001 /* CinemaUITestsLaunchTests.swift in Sources */ = {isa = PBXBuildFile; fileRef = EA895F4B2885EC4900E1C001 /* CinemaUITestsLaunchTests.swift */; };
		EA895F622886180800E1C001 /* NetworkConfigration.swift in Sources */ = {isa = PBXBuildFile; fileRef = EA895F612886180800E1C001 /* NetworkConfigration.swift */; };
		EA895F642886195B00E1C001 /* EndPoint.swift in Sources */ = {isa = PBXBuildFile; fileRef = EA895F632886195B00E1C001 /* EndPoint.swift */; };
		EA895F6828861B5800E1C001 /* NetworkService.swift in Sources */ = {isa = PBXBuildFile; fileRef = EA895F6728861B5800E1C001 /* NetworkService.swift */; };
		EA895F6A28861B6600E1C001 /* DataTransferService.swift in Sources */ = {isa = PBXBuildFile; fileRef = EA895F6928861B6600E1C001 /* DataTransferService.swift */; };
		EA8A89F5288CD8D7004FD429 /* MoviesList.swift in Sources */ = {isa = PBXBuildFile; fileRef = EA8A89F4288CD8D7004FD429 /* MoviesList.swift */; };
		EA8A89F7288CD8E9004FD429 /* MoviesData.swift in Sources */ = {isa = PBXBuildFile; fileRef = EA8A89F6288CD8E9004FD429 /* MoviesData.swift */; };
		EA8A89F9288CD8F6004FD429 /* Movie.swift in Sources */ = {isa = PBXBuildFile; fileRef = EA8A89F8288CD8F6004FD429 /* Movie.swift */; };
		EA8A89FC288CDAB9004FD429 /* UseCase.swift in Sources */ = {isa = PBXBuildFile; fileRef = EA8A89FB288CDAB9004FD429 /* UseCase.swift */; };
		EA8A89FF288CDAF4004FD429 /* Cancellable.swift in Sources */ = {isa = PBXBuildFile; fileRef = EA8A89FE288CDAF4004FD429 /* Cancellable.swift */; };
		EA8A8A01288CDB3A004FD429 /* SearchMoviesUseCase.swift in Sources */ = {isa = PBXBuildFile; fileRef = EA8A8A00288CDB3A004FD429 /* SearchMoviesUseCase.swift */; };
		EA8A8A04288CDBAF004FD429 /* MoviesRepository.swift in Sources */ = {isa = PBXBuildFile; fileRef = EA8A8A03288CDBAF004FD429 /* MoviesRepository.swift */; };
		EA8A8A08288CDF02004FD429 /* DefaultMoviesRepository.swift in Sources */ = {isa = PBXBuildFile; fileRef = EA8A8A07288CDF02004FD429 /* DefaultMoviesRepository.swift */; };
		EA8A8A0B288CDFB6004FD429 /* APIEndpoints.swift in Sources */ = {isa = PBXBuildFile; fileRef = EA8A8A0A288CDFB6004FD429 /* APIEndpoints.swift */; };
		EA8A8A0E288CE051004FD429 /* MoviesRequestTDO+Mapping.swift in Sources */ = {isa = PBXBuildFile; fileRef = EA8A8A0D288CE051004FD429 /* MoviesRequestTDO+Mapping.swift */; };
		EA8A8A10288CE063004FD429 /* MoviesResponseTDO+Mapping.swift in Sources */ = {isa = PBXBuildFile; fileRef = EA8A8A0F288CE063004FD429 /* MoviesResponseTDO+Mapping.swift */; };
		EA8A8A13288CE8FB004FD429 /* RepositoryTask.swift in Sources */ = {isa = PBXBuildFile; fileRef = EA8A8A12288CE8FB004FD429 /* RepositoryTask.swift */; };
		EA918A3D28872B6F00D57D19 /* EndPoint+Extensions.swift in Sources */ = {isa = PBXBuildFile; fileRef = EA918A3C28872B6F00D57D19 /* EndPoint+Extensions.swift */; };
		EAFEAD5F288743930058ED00 /* NetworkErrorLogger.swift in Sources */ = {isa = PBXBuildFile; fileRef = EAFEAD5E288743930058ED00 /* NetworkErrorLogger.swift */; };
		EAFEAD61288746F70058ED00 /* NetworkSessionManager.swift in Sources */ = {isa = PBXBuildFile; fileRef = EAFEAD60288746F70058ED00 /* NetworkSessionManager.swift */; };
		EAFEAD6528874F090058ED00 /* ResponseDecoder.swift in Sources */ = {isa = PBXBuildFile; fileRef = EAFEAD6428874F090058ED00 /* ResponseDecoder.swift */; };
		EAFEAD67288757870058ED00 /* ErrorHandler.swift in Sources */ = {isa = PBXBuildFile; fileRef = EAFEAD66288757870058ED00 /* ErrorHandler.swift */; };
/* End PBXBuildFile section */

/* Begin PBXContainerItemProxy section */
		EA895F3C2885EC4900E1C001 /* PBXContainerItemProxy */ = {
			isa = PBXContainerItemProxy;
			containerPortal = EA895F1D2885EC4700E1C001 /* Project object */;
			proxyType = 1;
			remoteGlobalIDString = EA895F242885EC4700E1C001;
			remoteInfo = Cinema;
		};
		EA895F462885EC4900E1C001 /* PBXContainerItemProxy */ = {
			isa = PBXContainerItemProxy;
			containerPortal = EA895F1D2885EC4700E1C001 /* Project object */;
			proxyType = 1;
			remoteGlobalIDString = EA895F242885EC4700E1C001;
			remoteInfo = Cinema;
		};
/* End PBXContainerItemProxy section */

/* Begin PBXFileReference section */
		EA895F252885EC4700E1C001 /* Cinema.app */ = {isa = PBXFileReference; explicitFileType = wrapper.application; includeInIndex = 0; path = Cinema.app; sourceTree = BUILT_PRODUCTS_DIR; };
		EA895F282885EC4700E1C001 /* AppDelegate.swift */ = {isa = PBXFileReference; lastKnownFileType = sourcecode.swift; path = AppDelegate.swift; sourceTree = "<group>"; };
		EA895F2A2885EC4700E1C001 /* SceneDelegate.swift */ = {isa = PBXFileReference; lastKnownFileType = sourcecode.swift; path = SceneDelegate.swift; sourceTree = "<group>"; };
		EA895F312885EC4900E1C001 /* Assets.xcassets */ = {isa = PBXFileReference; lastKnownFileType = folder.assetcatalog; path = Assets.xcassets; sourceTree = "<group>"; };
		EA895F342885EC4900E1C001 /* Base */ = {isa = PBXFileReference; lastKnownFileType = file.storyboard; name = Base; path = Base.lproj/LaunchScreen.storyboard; sourceTree = "<group>"; };
		EA895F362885EC4900E1C001 /* Info.plist */ = {isa = PBXFileReference; lastKnownFileType = text.plist.xml; path = Info.plist; sourceTree = "<group>"; };
		EA895F3B2885EC4900E1C001 /* CinemaTests.xctest */ = {isa = PBXFileReference; explicitFileType = wrapper.cfbundle; includeInIndex = 0; path = CinemaTests.xctest; sourceTree = BUILT_PRODUCTS_DIR; };
		EA895F3F2885EC4900E1C001 /* CinemaTests.swift */ = {isa = PBXFileReference; lastKnownFileType = sourcecode.swift; path = CinemaTests.swift; sourceTree = "<group>"; };
		EA895F452885EC4900E1C001 /* CinemaUITests.xctest */ = {isa = PBXFileReference; explicitFileType = wrapper.cfbundle; includeInIndex = 0; path = CinemaUITests.xctest; sourceTree = BUILT_PRODUCTS_DIR; };
		EA895F492885EC4900E1C001 /* CinemaUITests.swift */ = {isa = PBXFileReference; lastKnownFileType = sourcecode.swift; path = CinemaUITests.swift; sourceTree = "<group>"; };
		EA895F4B2885EC4900E1C001 /* CinemaUITestsLaunchTests.swift */ = {isa = PBXFileReference; lastKnownFileType = sourcecode.swift; path = CinemaUITestsLaunchTests.swift; sourceTree = "<group>"; };
		EA895F612886180800E1C001 /* NetworkConfigration.swift */ = {isa = PBXFileReference; lastKnownFileType = sourcecode.swift; path = NetworkConfigration.swift; sourceTree = "<group>"; };
		EA895F632886195B00E1C001 /* EndPoint.swift */ = {isa = PBXFileReference; lastKnownFileType = sourcecode.swift; path = EndPoint.swift; sourceTree = "<group>"; };
		EA895F6728861B5800E1C001 /* NetworkService.swift */ = {isa = PBXFileReference; lastKnownFileType = sourcecode.swift; path = NetworkService.swift; sourceTree = "<group>"; };
		EA895F6928861B6600E1C001 /* DataTransferService.swift */ = {isa = PBXFileReference; lastKnownFileType = sourcecode.swift; path = DataTransferService.swift; sourceTree = "<group>"; };
		EA8A89F4288CD8D7004FD429 /* MoviesList.swift */ = {isa = PBXFileReference; lastKnownFileType = sourcecode.swift; path = MoviesList.swift; sourceTree = "<group>"; };
		EA8A89F6288CD8E9004FD429 /* MoviesData.swift */ = {isa = PBXFileReference; lastKnownFileType = sourcecode.swift; path = MoviesData.swift; sourceTree = "<group>"; };
		EA8A89F8288CD8F6004FD429 /* Movie.swift */ = {isa = PBXFileReference; lastKnownFileType = sourcecode.swift; path = Movie.swift; sourceTree = "<group>"; };
		EA8A89FB288CDAB9004FD429 /* UseCase.swift */ = {isa = PBXFileReference; lastKnownFileType = sourcecode.swift; path = UseCase.swift; sourceTree = "<group>"; };
		EA8A89FE288CDAF4004FD429 /* Cancellable.swift */ = {isa = PBXFileReference; lastKnownFileType = sourcecode.swift; path = Cancellable.swift; sourceTree = "<group>"; };
		EA8A8A00288CDB3A004FD429 /* SearchMoviesUseCase.swift */ = {isa = PBXFileReference; lastKnownFileType = sourcecode.swift; path = SearchMoviesUseCase.swift; sourceTree = "<group>"; };
		EA8A8A03288CDBAF004FD429 /* MoviesRepository.swift */ = {isa = PBXFileReference; lastKnownFileType = sourcecode.swift; path = MoviesRepository.swift; sourceTree = "<group>"; };
		EA8A8A07288CDF02004FD429 /* DefaultMoviesRepository.swift */ = {isa = PBXFileReference; lastKnownFileType = sourcecode.swift; path = DefaultMoviesRepository.swift; sourceTree = "<group>"; };
		EA8A8A0A288CDFB6004FD429 /* APIEndpoints.swift */ = {isa = PBXFileReference; lastKnownFileType = sourcecode.swift; path = APIEndpoints.swift; sourceTree = "<group>"; };
		EA8A8A0D288CE051004FD429 /* MoviesRequestTDO+Mapping.swift */ = {isa = PBXFileReference; lastKnownFileType = sourcecode.swift; path = "MoviesRequestTDO+Mapping.swift"; sourceTree = "<group>"; };
		EA8A8A0F288CE063004FD429 /* MoviesResponseTDO+Mapping.swift */ = {isa = PBXFileReference; lastKnownFileType = sourcecode.swift; path = "MoviesResponseTDO+Mapping.swift"; sourceTree = "<group>"; };
		EA8A8A12288CE8FB004FD429 /* RepositoryTask.swift */ = {isa = PBXFileReference; lastKnownFileType = sourcecode.swift; path = RepositoryTask.swift; sourceTree = "<group>"; };
		EA918A3C28872B6F00D57D19 /* EndPoint+Extensions.swift */ = {isa = PBXFileReference; lastKnownFileType = sourcecode.swift; path = "EndPoint+Extensions.swift"; sourceTree = "<group>"; };
		EAFEAD5E288743930058ED00 /* NetworkErrorLogger.swift */ = {isa = PBXFileReference; lastKnownFileType = sourcecode.swift; path = NetworkErrorLogger.swift; sourceTree = "<group>"; };
		EAFEAD60288746F70058ED00 /* NetworkSessionManager.swift */ = {isa = PBXFileReference; lastKnownFileType = sourcecode.swift; path = NetworkSessionManager.swift; sourceTree = "<group>"; };
		EAFEAD6428874F090058ED00 /* ResponseDecoder.swift */ = {isa = PBXFileReference; lastKnownFileType = sourcecode.swift; path = ResponseDecoder.swift; sourceTree = "<group>"; };
		EAFEAD66288757870058ED00 /* ErrorHandler.swift */ = {isa = PBXFileReference; lastKnownFileType = sourcecode.swift; path = ErrorHandler.swift; sourceTree = "<group>"; };
/* End PBXFileReference section */

/* Begin PBXFrameworksBuildPhase section */
		EA895F222885EC4700E1C001 /* Frameworks */ = {
			isa = PBXFrameworksBuildPhase;
			buildActionMask = 2147483647;
			files = (
			);
			runOnlyForDeploymentPostprocessing = 0;
		};
		EA895F382885EC4900E1C001 /* Frameworks */ = {
			isa = PBXFrameworksBuildPhase;
			buildActionMask = 2147483647;
			files = (
			);
			runOnlyForDeploymentPostprocessing = 0;
		};
		EA895F422885EC4900E1C001 /* Frameworks */ = {
			isa = PBXFrameworksBuildPhase;
			buildActionMask = 2147483647;
			files = (
			);
			runOnlyForDeploymentPostprocessing = 0;
		};
/* End PBXFrameworksBuildPhase section */

/* Begin PBXGroup section */
		EA895F1C2885EC4700E1C001 = {
			isa = PBXGroup;
			children = (
				EA895F272885EC4700E1C001 /* Cinema */,
				EA895F3E2885EC4900E1C001 /* CinemaTests */,
				EA895F482885EC4900E1C001 /* CinemaUITests */,
				EA895F262885EC4700E1C001 /* Products */,
			);
			sourceTree = "<group>";
		};
		EA895F262885EC4700E1C001 /* Products */ = {
			isa = PBXGroup;
			children = (
				EA895F252885EC4700E1C001 /* Cinema.app */,
				EA895F3B2885EC4900E1C001 /* CinemaTests.xctest */,
				EA895F452885EC4900E1C001 /* CinemaUITests.xctest */,
			);
			name = Products;
			sourceTree = "<group>";
		};
		EA895F272885EC4700E1C001 /* Cinema */ = {
			isa = PBXGroup;
			children = (
				EA895F5D288615EB00E1C001 /* Application */,
				EA895F5C288615D700E1C001 /* Presentation */,
				EA8A8A05288CDEC8004FD429 /* Data */,
				EA895F5B288615CF00E1C001 /* Domain */,
				EA895F59288615B900E1C001 /* Infrastructure */,
				EA8A89FD288CDAE4004FD429 /* Utilis */,
				EA895F582886151700E1C001 /* Resources */,
			);
			path = Cinema;
			sourceTree = "<group>";
		};
		EA895F3E2885EC4900E1C001 /* CinemaTests */ = {
			isa = PBXGroup;
			children = (
				EA895F3F2885EC4900E1C001 /* CinemaTests.swift */,
			);
			path = CinemaTests;
			sourceTree = "<group>";
		};
		EA895F482885EC4900E1C001 /* CinemaUITests */ = {
			isa = PBXGroup;
			children = (
				EA895F492885EC4900E1C001 /* CinemaUITests.swift */,
				EA895F4B2885EC4900E1C001 /* CinemaUITestsLaunchTests.swift */,
			);
			path = CinemaUITests;
			sourceTree = "<group>";
		};
		EA895F582886151700E1C001 /* Resources */ = {
			isa = PBXGroup;
			children = (
				EA895F312885EC4900E1C001 /* Assets.xcassets */,
				EA895F332885EC4900E1C001 /* LaunchScreen.storyboard */,
				EA895F362885EC4900E1C001 /* Info.plist */,
			);
			path = Resources;
			sourceTree = "<group>";
		};
		EA895F59288615B900E1C001 /* Infrastructure */ = {
			isa = PBXGroup;
			children = (
				EA918A3B28872B4100D57D19 /* Extensions */,
				EAFEAD6228874EAB0058ED00 /* DataTransfer */,
				EAFEAD6328874EBF0058ED00 /* NetworkService */,
				EA895F632886195B00E1C001 /* EndPoint.swift */,
				EA895F612886180800E1C001 /* NetworkConfigration.swift */,
			);
			path = Infrastructure;
			sourceTree = "<group>";
		};
		EA895F5B288615CF00E1C001 /* Domain */ = {
			isa = PBXGroup;
			children = (
				EA8A89F2288CD852004FD429 /* Entities */,
				EA8A89F1288CD848004FD429 /* UseCases */,
				EA8A89F0288CD839004FD429 /* Interfaces */,
			);
			path = Domain;
			sourceTree = "<group>";
		};
		EA895F5C288615D700E1C001 /* Presentation */ = {
			isa = PBXGroup;
			children = (
			);
			path = Presentation;
			sourceTree = "<group>";
		};
		EA895F5D288615EB00E1C001 /* Application */ = {
			isa = PBXGroup;
			children = (
				EA895F282885EC4700E1C001 /* AppDelegate.swift */,
				EA895F2A2885EC4700E1C001 /* SceneDelegate.swift */,
			);
			path = Application;
			sourceTree = "<group>";
		};
		EA8A89F0288CD839004FD429 /* Interfaces */ = {
			isa = PBXGroup;
			children = (
				EA8A8A02288CDB80004FD429 /* Repositories */,
			);
			path = Interfaces;
			sourceTree = "<group>";
		};
		EA8A89F1288CD848004FD429 /* UseCases */ = {
			isa = PBXGroup;
			children = (
				EA8A8A00288CDB3A004FD429 /* SearchMoviesUseCase.swift */,
				EA8A89FA288CDAA6004FD429 /* Protocol */,
			);
			path = UseCases;
			sourceTree = "<group>";
		};
		EA8A89F2288CD852004FD429 /* Entities */ = {
			isa = PBXGroup;
			children = (
				EA8A89F3288CD899004FD429 /* Movies */,
			);
			path = Entities;
			sourceTree = "<group>";
		};
		EA8A89F3288CD899004FD429 /* Movies */ = {
			isa = PBXGroup;
			children = (
				EA8A89F4288CD8D7004FD429 /* MoviesList.swift */,
				EA8A89F6288CD8E9004FD429 /* MoviesData.swift */,
				EA8A89F8288CD8F6004FD429 /* Movie.swift */,
			);
			path = Movies;
			sourceTree = "<group>";
		};
		EA8A89FA288CDAA6004FD429 /* Protocol */ = {
			isa = PBXGroup;
			children = (
				EA8A89FB288CDAB9004FD429 /* UseCase.swift */,
			);
			path = Protocol;
			sourceTree = "<group>";
		};
		EA8A89FD288CDAE4004FD429 /* Utilis */ = {
			isa = PBXGroup;
			children = (
				EA8A89FE288CDAF4004FD429 /* Cancellable.swift */,
			);
			path = Utilis;
			sourceTree = "<group>";
		};
		EA8A8A02288CDB80004FD429 /* Repositories */ = {
			isa = PBXGroup;
			children = (
				EA8A8A03288CDBAF004FD429 /* MoviesRepository.swift */,
			);
			path = Repositories;
			sourceTree = "<group>";
		};
		EA8A8A05288CDEC8004FD429 /* Data */ = {
			isa = PBXGroup;
			children = (
				EA8A8A06288CDEE1004FD429 /* Repositories */,
				EA8A8A09288CDF98004FD429 /* Network */,
			);
			path = Data;
			sourceTree = "<group>";
		};
		EA8A8A06288CDEE1004FD429 /* Repositories */ = {
			isa = PBXGroup;
			children = (
				EA8A8A07288CDF02004FD429 /* DefaultMoviesRepository.swift */,
				EA8A8A11288CE8E8004FD429 /* Utils */,
			);
			path = Repositories;
			sourceTree = "<group>";
		};
		EA8A8A09288CDF98004FD429 /* Network */ = {
			isa = PBXGroup;
			children = (
				EA8A8A0A288CDFB6004FD429 /* APIEndpoints.swift */,
				EA8A8A0C288CDFBB004FD429 /* DataMapping */,
			);
			path = Network;
			sourceTree = "<group>";
		};
		EA8A8A0C288CDFBB004FD429 /* DataMapping */ = {
			isa = PBXGroup;
			children = (
				EA8A8A0D288CE051004FD429 /* MoviesRequestTDO+Mapping.swift */,
				EA8A8A0F288CE063004FD429 /* MoviesResponseTDO+Mapping.swift */,
			);
			path = DataMapping;
			sourceTree = "<group>";
		};
		EA8A8A11288CE8E8004FD429 /* Utils */ = {
			isa = PBXGroup;
			children = (
				EA8A8A12288CE8FB004FD429 /* RepositoryTask.swift */,
			);
			path = Utils;
			sourceTree = "<group>";
		};
		EA918A3B28872B4100D57D19 /* Extensions */ = {
			isa = PBXGroup;
			children = (
				EA918A3C28872B6F00D57D19 /* EndPoint+Extensions.swift */,
			);
			path = Extensions;
			sourceTree = "<group>";
		};
		EAFEAD6228874EAB0058ED00 /* DataTransfer */ = {
			isa = PBXGroup;
			children = (
				EA895F6928861B6600E1C001 /* DataTransferService.swift */,
				EAFEAD6428874F090058ED00 /* ResponseDecoder.swift */,
				EAFEAD66288757870058ED00 /* ErrorHandler.swift */,
			);
			path = DataTransfer;
			sourceTree = "<group>";
		};
		EAFEAD6328874EBF0058ED00 /* NetworkService */ = {
			isa = PBXGroup;
			children = (
				EA895F6728861B5800E1C001 /* NetworkService.swift */,
				EAFEAD60288746F70058ED00 /* NetworkSessionManager.swift */,
				EAFEAD5E288743930058ED00 /* NetworkErrorLogger.swift */,
			);
			path = NetworkService;
			sourceTree = "<group>";
		};
/* End PBXGroup section */

/* Begin PBXNativeTarget section */
		EA895F242885EC4700E1C001 /* Cinema */ = {
			isa = PBXNativeTarget;
			buildConfigurationList = EA895F4F2885EC4900E1C001 /* Build configuration list for PBXNativeTarget "Cinema" */;
			buildPhases = (
				EA895F212885EC4700E1C001 /* Sources */,
				EA895F222885EC4700E1C001 /* Frameworks */,
				EA895F232885EC4700E1C001 /* Resources */,
			);
			buildRules = (
			);
			dependencies = (
			);
			name = Cinema;
			productName = Cinema;
			productReference = EA895F252885EC4700E1C001 /* Cinema.app */;
			productType = "com.apple.product-type.application";
		};
		EA895F3A2885EC4900E1C001 /* CinemaTests */ = {
			isa = PBXNativeTarget;
			buildConfigurationList = EA895F522885EC4900E1C001 /* Build configuration list for PBXNativeTarget "CinemaTests" */;
			buildPhases = (
				EA895F372885EC4900E1C001 /* Sources */,
				EA895F382885EC4900E1C001 /* Frameworks */,
				EA895F392885EC4900E1C001 /* Resources */,
			);
			buildRules = (
			);
			dependencies = (
				EA895F3D2885EC4900E1C001 /* PBXTargetDependency */,
			);
			name = CinemaTests;
			productName = CinemaTests;
			productReference = EA895F3B2885EC4900E1C001 /* CinemaTests.xctest */;
			productType = "com.apple.product-type.bundle.unit-test";
		};
		EA895F442885EC4900E1C001 /* CinemaUITests */ = {
			isa = PBXNativeTarget;
			buildConfigurationList = EA895F552885EC4900E1C001 /* Build configuration list for PBXNativeTarget "CinemaUITests" */;
			buildPhases = (
				EA895F412885EC4900E1C001 /* Sources */,
				EA895F422885EC4900E1C001 /* Frameworks */,
				EA895F432885EC4900E1C001 /* Resources */,
			);
			buildRules = (
			);
			dependencies = (
				EA895F472885EC4900E1C001 /* PBXTargetDependency */,
			);
			name = CinemaUITests;
			productName = CinemaUITests;
			productReference = EA895F452885EC4900E1C001 /* CinemaUITests.xctest */;
			productType = "com.apple.product-type.bundle.ui-testing";
		};
/* End PBXNativeTarget section */

/* Begin PBXProject section */
		EA895F1D2885EC4700E1C001 /* Project object */ = {
			isa = PBXProject;
			attributes = {
				BuildIndependentTargetsInParallel = 1;
				LastSwiftUpdateCheck = 1340;
				LastUpgradeCheck = 1340;
				TargetAttributes = {
					EA895F242885EC4700E1C001 = {
						CreatedOnToolsVersion = 13.4.1;
					};
					EA895F3A2885EC4900E1C001 = {
						CreatedOnToolsVersion = 13.4.1;
						TestTargetID = EA895F242885EC4700E1C001;
					};
					EA895F442885EC4900E1C001 = {
						CreatedOnToolsVersion = 13.4.1;
						TestTargetID = EA895F242885EC4700E1C001;
					};
				};
			};
			buildConfigurationList = EA895F202885EC4700E1C001 /* Build configuration list for PBXProject "Cinema" */;
			compatibilityVersion = "Xcode 13.0";
			developmentRegion = en;
			hasScannedForEncodings = 0;
			knownRegions = (
				en,
				Base,
			);
			mainGroup = EA895F1C2885EC4700E1C001;
			productRefGroup = EA895F262885EC4700E1C001 /* Products */;
			projectDirPath = "";
			projectRoot = "";
			targets = (
				EA895F242885EC4700E1C001 /* Cinema */,
				EA895F3A2885EC4900E1C001 /* CinemaTests */,
				EA895F442885EC4900E1C001 /* CinemaUITests */,
			);
		};
/* End PBXProject section */

/* Begin PBXResourcesBuildPhase section */
		EA895F232885EC4700E1C001 /* Resources */ = {
			isa = PBXResourcesBuildPhase;
			buildActionMask = 2147483647;
			files = (
				EA895F352885EC4900E1C001 /* LaunchScreen.storyboard in Resources */,
				EA895F322885EC4900E1C001 /* Assets.xcassets in Resources */,
			);
			runOnlyForDeploymentPostprocessing = 0;
		};
		EA895F392885EC4900E1C001 /* Resources */ = {
			isa = PBXResourcesBuildPhase;
			buildActionMask = 2147483647;
			files = (
			);
			runOnlyForDeploymentPostprocessing = 0;
		};
		EA895F432885EC4900E1C001 /* Resources */ = {
			isa = PBXResourcesBuildPhase;
			buildActionMask = 2147483647;
			files = (
			);
			runOnlyForDeploymentPostprocessing = 0;
		};
/* End PBXResourcesBuildPhase section */

/* Begin PBXSourcesBuildPhase section */
		EA895F212885EC4700E1C001 /* Sources */ = {
			isa = PBXSourcesBuildPhase;
			buildActionMask = 2147483647;
			files = (
				EA8A8A01288CDB3A004FD429 /* SearchMoviesUseCase.swift in Sources */,
				EA8A89FC288CDAB9004FD429 /* UseCase.swift in Sources */,
				EA8A89F9288CD8F6004FD429 /* Movie.swift in Sources */,
				EA8A8A08288CDF02004FD429 /* DefaultMoviesRepository.swift in Sources */,
				EA8A8A0E288CE051004FD429 /* MoviesRequestTDO+Mapping.swift in Sources */,
				EA8A89FF288CDAF4004FD429 /* Cancellable.swift in Sources */,
				EA8A8A10288CE063004FD429 /* MoviesResponseTDO+Mapping.swift in Sources */,
				EAFEAD61288746F70058ED00 /* NetworkSessionManager.swift in Sources */,
				EA895F6A28861B6600E1C001 /* DataTransferService.swift in Sources */,
				EA8A89F5288CD8D7004FD429 /* MoviesList.swift in Sources */,
				EA895F6828861B5800E1C001 /* NetworkService.swift in Sources */,
				EA895F292885EC4700E1C001 /* AppDelegate.swift in Sources */,
				EA895F622886180800E1C001 /* NetworkConfigration.swift in Sources */,
				EA918A3D28872B6F00D57D19 /* EndPoint+Extensions.swift in Sources */,
				EA895F642886195B00E1C001 /* EndPoint.swift in Sources */,
				EA8A8A04288CDBAF004FD429 /* MoviesRepository.swift in Sources */,
				EA8A89F7288CD8E9004FD429 /* MoviesData.swift in Sources */,
				EA8A8A0B288CDFB6004FD429 /* APIEndpoints.swift in Sources */,
				EAFEAD6528874F090058ED00 /* ResponseDecoder.swift in Sources */,
				EA895F2B2885EC4700E1C001 /* SceneDelegate.swift in Sources */,
				EAFEAD5F288743930058ED00 /* NetworkErrorLogger.swift in Sources */,
				EAFEAD67288757870058ED00 /* ErrorHandler.swift in Sources */,
				EA8A8A13288CE8FB004FD429 /* RepositoryTask.swift in Sources */,
			);
			runOnlyForDeploymentPostprocessing = 0;
		};
		EA895F372885EC4900E1C001 /* Sources */ = {
			isa = PBXSourcesBuildPhase;
			buildActionMask = 2147483647;
			files = (
				EA895F402885EC4900E1C001 /* CinemaTests.swift in Sources */,
			);
			runOnlyForDeploymentPostprocessing = 0;
		};
		EA895F412885EC4900E1C001 /* Sources */ = {
			isa = PBXSourcesBuildPhase;
			buildActionMask = 2147483647;
			files = (
				EA895F4A2885EC4900E1C001 /* CinemaUITests.swift in Sources */,
				EA895F4C2885EC4900E1C001 /* CinemaUITestsLaunchTests.swift in Sources */,
			);
			runOnlyForDeploymentPostprocessing = 0;
		};
/* End PBXSourcesBuildPhase section */

/* Begin PBXTargetDependency section */
		EA895F3D2885EC4900E1C001 /* PBXTargetDependency */ = {
			isa = PBXTargetDependency;
			target = EA895F242885EC4700E1C001 /* Cinema */;
			targetProxy = EA895F3C2885EC4900E1C001 /* PBXContainerItemProxy */;
		};
		EA895F472885EC4900E1C001 /* PBXTargetDependency */ = {
			isa = PBXTargetDependency;
			target = EA895F242885EC4700E1C001 /* Cinema */;
			targetProxy = EA895F462885EC4900E1C001 /* PBXContainerItemProxy */;
		};
/* End PBXTargetDependency section */

/* Begin PBXVariantGroup section */
		EA895F332885EC4900E1C001 /* LaunchScreen.storyboard */ = {
			isa = PBXVariantGroup;
			children = (
				EA895F342885EC4900E1C001 /* Base */,
			);
			name = LaunchScreen.storyboard;
			sourceTree = "<group>";
		};
/* End PBXVariantGroup section */

/* Begin XCBuildConfiguration section */
		EA895F4D2885EC4900E1C001 /* Debug */ = {
			isa = XCBuildConfiguration;
			buildSettings = {
				ALWAYS_SEARCH_USER_PATHS = NO;
				CLANG_ANALYZER_NONNULL = YES;
				CLANG_ANALYZER_NUMBER_OBJECT_CONVERSION = YES_AGGRESSIVE;
				CLANG_CXX_LANGUAGE_STANDARD = "gnu++17";
				CLANG_ENABLE_MODULES = YES;
				CLANG_ENABLE_OBJC_ARC = YES;
				CLANG_ENABLE_OBJC_WEAK = YES;
				CLANG_WARN_BLOCK_CAPTURE_AUTORELEASING = YES;
				CLANG_WARN_BOOL_CONVERSION = YES;
				CLANG_WARN_COMMA = YES;
				CLANG_WARN_CONSTANT_CONVERSION = YES;
				CLANG_WARN_DEPRECATED_OBJC_IMPLEMENTATIONS = YES;
				CLANG_WARN_DIRECT_OBJC_ISA_USAGE = YES_ERROR;
				CLANG_WARN_DOCUMENTATION_COMMENTS = YES;
				CLANG_WARN_EMPTY_BODY = YES;
				CLANG_WARN_ENUM_CONVERSION = YES;
				CLANG_WARN_INFINITE_RECURSION = YES;
				CLANG_WARN_INT_CONVERSION = YES;
				CLANG_WARN_NON_LITERAL_NULL_CONVERSION = YES;
				CLANG_WARN_OBJC_IMPLICIT_RETAIN_SELF = YES;
				CLANG_WARN_OBJC_LITERAL_CONVERSION = YES;
				CLANG_WARN_OBJC_ROOT_CLASS = YES_ERROR;
				CLANG_WARN_QUOTED_INCLUDE_IN_FRAMEWORK_HEADER = YES;
				CLANG_WARN_RANGE_LOOP_ANALYSIS = YES;
				CLANG_WARN_STRICT_PROTOTYPES = YES;
				CLANG_WARN_SUSPICIOUS_MOVE = YES;
				CLANG_WARN_UNGUARDED_AVAILABILITY = YES_AGGRESSIVE;
				CLANG_WARN_UNREACHABLE_CODE = YES;
				CLANG_WARN__DUPLICATE_METHOD_MATCH = YES;
				COPY_PHASE_STRIP = NO;
				DEBUG_INFORMATION_FORMAT = dwarf;
				ENABLE_STRICT_OBJC_MSGSEND = YES;
				ENABLE_TESTABILITY = YES;
				GCC_C_LANGUAGE_STANDARD = gnu11;
				GCC_DYNAMIC_NO_PIC = NO;
				GCC_NO_COMMON_BLOCKS = YES;
				GCC_OPTIMIZATION_LEVEL = 0;
				GCC_PREPROCESSOR_DEFINITIONS = (
					"DEBUG=1",
					"$(inherited)",
				);
				GCC_WARN_64_TO_32_BIT_CONVERSION = YES;
				GCC_WARN_ABOUT_RETURN_TYPE = YES_ERROR;
				GCC_WARN_UNDECLARED_SELECTOR = YES;
				GCC_WARN_UNINITIALIZED_AUTOS = YES_AGGRESSIVE;
				GCC_WARN_UNUSED_FUNCTION = YES;
				GCC_WARN_UNUSED_VARIABLE = YES;
				IPHONEOS_DEPLOYMENT_TARGET = 15.5;
				MTL_ENABLE_DEBUG_INFO = INCLUDE_SOURCE;
				MTL_FAST_MATH = YES;
				ONLY_ACTIVE_ARCH = YES;
				SDKROOT = iphoneos;
				SWIFT_ACTIVE_COMPILATION_CONDITIONS = DEBUG;
				SWIFT_OPTIMIZATION_LEVEL = "-Onone";
			};
			name = Debug;
		};
		EA895F4E2885EC4900E1C001 /* Release */ = {
			isa = XCBuildConfiguration;
			buildSettings = {
				ALWAYS_SEARCH_USER_PATHS = NO;
				CLANG_ANALYZER_NONNULL = YES;
				CLANG_ANALYZER_NUMBER_OBJECT_CONVERSION = YES_AGGRESSIVE;
				CLANG_CXX_LANGUAGE_STANDARD = "gnu++17";
				CLANG_ENABLE_MODULES = YES;
				CLANG_ENABLE_OBJC_ARC = YES;
				CLANG_ENABLE_OBJC_WEAK = YES;
				CLANG_WARN_BLOCK_CAPTURE_AUTORELEASING = YES;
				CLANG_WARN_BOOL_CONVERSION = YES;
				CLANG_WARN_COMMA = YES;
				CLANG_WARN_CONSTANT_CONVERSION = YES;
				CLANG_WARN_DEPRECATED_OBJC_IMPLEMENTATIONS = YES;
				CLANG_WARN_DIRECT_OBJC_ISA_USAGE = YES_ERROR;
				CLANG_WARN_DOCUMENTATION_COMMENTS = YES;
				CLANG_WARN_EMPTY_BODY = YES;
				CLANG_WARN_ENUM_CONVERSION = YES;
				CLANG_WARN_INFINITE_RECURSION = YES;
				CLANG_WARN_INT_CONVERSION = YES;
				CLANG_WARN_NON_LITERAL_NULL_CONVERSION = YES;
				CLANG_WARN_OBJC_IMPLICIT_RETAIN_SELF = YES;
				CLANG_WARN_OBJC_LITERAL_CONVERSION = YES;
				CLANG_WARN_OBJC_ROOT_CLASS = YES_ERROR;
				CLANG_WARN_QUOTED_INCLUDE_IN_FRAMEWORK_HEADER = YES;
				CLANG_WARN_RANGE_LOOP_ANALYSIS = YES;
				CLANG_WARN_STRICT_PROTOTYPES = YES;
				CLANG_WARN_SUSPICIOUS_MOVE = YES;
				CLANG_WARN_UNGUARDED_AVAILABILITY = YES_AGGRESSIVE;
				CLANG_WARN_UNREACHABLE_CODE = YES;
				CLANG_WARN__DUPLICATE_METHOD_MATCH = YES;
				COPY_PHASE_STRIP = NO;
				DEBUG_INFORMATION_FORMAT = "dwarf-with-dsym";
				ENABLE_NS_ASSERTIONS = NO;
				ENABLE_STRICT_OBJC_MSGSEND = YES;
				GCC_C_LANGUAGE_STANDARD = gnu11;
				GCC_NO_COMMON_BLOCKS = YES;
				GCC_WARN_64_TO_32_BIT_CONVERSION = YES;
				GCC_WARN_ABOUT_RETURN_TYPE = YES_ERROR;
				GCC_WARN_UNDECLARED_SELECTOR = YES;
				GCC_WARN_UNINITIALIZED_AUTOS = YES_AGGRESSIVE;
				GCC_WARN_UNUSED_FUNCTION = YES;
				GCC_WARN_UNUSED_VARIABLE = YES;
				IPHONEOS_DEPLOYMENT_TARGET = 15.5;
				MTL_ENABLE_DEBUG_INFO = NO;
				MTL_FAST_MATH = YES;
				SDKROOT = iphoneos;
				SWIFT_COMPILATION_MODE = wholemodule;
				SWIFT_OPTIMIZATION_LEVEL = "-O";
				VALIDATE_PRODUCT = YES;
			};
			name = Release;
		};
		EA895F502885EC4900E1C001 /* Debug */ = {
			isa = XCBuildConfiguration;
			buildSettings = {
				ASSETCATALOG_COMPILER_APPICON_NAME = AppIcon;
				ASSETCATALOG_COMPILER_GLOBAL_ACCENT_COLOR_NAME = AccentColor;
				CODE_SIGN_STYLE = Automatic;
				CURRENT_PROJECT_VERSION = 1;
				DEVELOPMENT_TEAM = X65JBYCV33;
				GENERATE_INFOPLIST_FILE = YES;
				INFOPLIST_FILE = Cinema/Resources/Info.plist;
				INFOPLIST_KEY_UIApplicationSupportsIndirectInputEvents = YES;
				INFOPLIST_KEY_UILaunchStoryboardName = LaunchScreen;
				INFOPLIST_KEY_UIMainStoryboardFile = Main;
				INFOPLIST_KEY_UISupportedInterfaceOrientations_iPad = "UIInterfaceOrientationPortrait UIInterfaceOrientationPortraitUpsideDown UIInterfaceOrientationLandscapeLeft UIInterfaceOrientationLandscapeRight";
				INFOPLIST_KEY_UISupportedInterfaceOrientations_iPhone = "UIInterfaceOrientationPortrait UIInterfaceOrientationLandscapeLeft UIInterfaceOrientationLandscapeRight";
				LD_RUNPATH_SEARCH_PATHS = (
					"$(inherited)",
					"@executable_path/Frameworks",
				);
				MARKETING_VERSION = 1.0;
				PRODUCT_BUNDLE_IDENTIFIER = AhmedEmad.Cinema;
				PRODUCT_NAME = "$(TARGET_NAME)";
				SWIFT_EMIT_LOC_STRINGS = YES;
				SWIFT_VERSION = 5.0;
				TARGETED_DEVICE_FAMILY = "1,2";
			};
			name = Debug;
		};
		EA895F512885EC4900E1C001 /* Release */ = {
			isa = XCBuildConfiguration;
			buildSettings = {
				ASSETCATALOG_COMPILER_APPICON_NAME = AppIcon;
				ASSETCATALOG_COMPILER_GLOBAL_ACCENT_COLOR_NAME = AccentColor;
				CODE_SIGN_STYLE = Automatic;
				CURRENT_PROJECT_VERSION = 1;
				DEVELOPMENT_TEAM = X65JBYCV33;
				GENERATE_INFOPLIST_FILE = YES;
				INFOPLIST_FILE = Cinema/Resources/Info.plist;
				INFOPLIST_KEY_UIApplicationSupportsIndirectInputEvents = YES;
				INFOPLIST_KEY_UILaunchStoryboardName = LaunchScreen;
				INFOPLIST_KEY_UIMainStoryboardFile = Main;
				INFOPLIST_KEY_UISupportedInterfaceOrientations_iPad = "UIInterfaceOrientationPortrait UIInterfaceOrientationPortraitUpsideDown UIInterfaceOrientationLandscapeLeft UIInterfaceOrientationLandscapeRight";
				INFOPLIST_KEY_UISupportedInterfaceOrientations_iPhone = "UIInterfaceOrientationPortrait UIInterfaceOrientationLandscapeLeft UIInterfaceOrientationLandscapeRight";
				LD_RUNPATH_SEARCH_PATHS = (
					"$(inherited)",
					"@executable_path/Frameworks",
				);
				MARKETING_VERSION = 1.0;
				PRODUCT_BUNDLE_IDENTIFIER = AhmedEmad.Cinema;
				PRODUCT_NAME = "$(TARGET_NAME)";
				SWIFT_EMIT_LOC_STRINGS = YES;
				SWIFT_VERSION = 5.0;
				TARGETED_DEVICE_FAMILY = "1,2";
			};
			name = Release;
		};
		EA895F532885EC4900E1C001 /* Debug */ = {
			isa = XCBuildConfiguration;
			buildSettings = {
				ALWAYS_EMBED_SWIFT_STANDARD_LIBRARIES = YES;
				BUNDLE_LOADER = "$(TEST_HOST)";
				CODE_SIGN_STYLE = Automatic;
				CURRENT_PROJECT_VERSION = 1;
				DEVELOPMENT_TEAM = X65JBYCV33;
				GENERATE_INFOPLIST_FILE = YES;
				IPHONEOS_DEPLOYMENT_TARGET = 15.5;
				MARKETING_VERSION = 1.0;
				PRODUCT_BUNDLE_IDENTIFIER = AhmedEmad.CinemaTests;
				PRODUCT_NAME = "$(TARGET_NAME)";
				SWIFT_EMIT_LOC_STRINGS = NO;
				SWIFT_VERSION = 5.0;
				TARGETED_DEVICE_FAMILY = "1,2";
				TEST_HOST = "$(BUILT_PRODUCTS_DIR)/Cinema.app/Cinema";
			};
			name = Debug;
		};
		EA895F542885EC4900E1C001 /* Release */ = {
			isa = XCBuildConfiguration;
			buildSettings = {
				ALWAYS_EMBED_SWIFT_STANDARD_LIBRARIES = YES;
				BUNDLE_LOADER = "$(TEST_HOST)";
				CODE_SIGN_STYLE = Automatic;
				CURRENT_PROJECT_VERSION = 1;
				DEVELOPMENT_TEAM = X65JBYCV33;
				GENERATE_INFOPLIST_FILE = YES;
				IPHONEOS_DEPLOYMENT_TARGET = 15.5;
				MARKETING_VERSION = 1.0;
				PRODUCT_BUNDLE_IDENTIFIER = AhmedEmad.CinemaTests;
				PRODUCT_NAME = "$(TARGET_NAME)";
				SWIFT_EMIT_LOC_STRINGS = NO;
				SWIFT_VERSION = 5.0;
				TARGETED_DEVICE_FAMILY = "1,2";
				TEST_HOST = "$(BUILT_PRODUCTS_DIR)/Cinema.app/Cinema";
			};
			name = Release;
		};
		EA895F562885EC4900E1C001 /* Debug */ = {
			isa = XCBuildConfiguration;
			buildSettings = {
				ALWAYS_EMBED_SWIFT_STANDARD_LIBRARIES = YES;
				CODE_SIGN_STYLE = Automatic;
				CURRENT_PROJECT_VERSION = 1;
				DEVELOPMENT_TEAM = X65JBYCV33;
				GENERATE_INFOPLIST_FILE = YES;
				MARKETING_VERSION = 1.0;
				PRODUCT_BUNDLE_IDENTIFIER = AhmedEmad.CinemaUITests;
				PRODUCT_NAME = "$(TARGET_NAME)";
				SWIFT_EMIT_LOC_STRINGS = NO;
				SWIFT_VERSION = 5.0;
				TARGETED_DEVICE_FAMILY = "1,2";
				TEST_TARGET_NAME = Cinema;
			};
			name = Debug;
		};
		EA895F572885EC4900E1C001 /* Release */ = {
			isa = XCBuildConfiguration;
			buildSettings = {
				ALWAYS_EMBED_SWIFT_STANDARD_LIBRARIES = YES;
				CODE_SIGN_STYLE = Automatic;
				CURRENT_PROJECT_VERSION = 1;
				DEVELOPMENT_TEAM = X65JBYCV33;
				GENERATE_INFOPLIST_FILE = YES;
				MARKETING_VERSION = 1.0;
				PRODUCT_BUNDLE_IDENTIFIER = AhmedEmad.CinemaUITests;
				PRODUCT_NAME = "$(TARGET_NAME)";
				SWIFT_EMIT_LOC_STRINGS = NO;
				SWIFT_VERSION = 5.0;
				TARGETED_DEVICE_FAMILY = "1,2";
				TEST_TARGET_NAME = Cinema;
			};
			name = Release;
		};
/* End XCBuildConfiguration section */

/* Begin XCConfigurationList section */
		EA895F202885EC4700E1C001 /* Build configuration list for PBXProject "Cinema" */ = {
			isa = XCConfigurationList;
			buildConfigurations = (
				EA895F4D2885EC4900E1C001 /* Debug */,
				EA895F4E2885EC4900E1C001 /* Release */,
			);
			defaultConfigurationIsVisible = 0;
			defaultConfigurationName = Release;
		};
		EA895F4F2885EC4900E1C001 /* Build configuration list for PBXNativeTarget "Cinema" */ = {
			isa = XCConfigurationList;
			buildConfigurations = (
				EA895F502885EC4900E1C001 /* Debug */,
				EA895F512885EC4900E1C001 /* Release */,
			);
			defaultConfigurationIsVisible = 0;
			defaultConfigurationName = Release;
		};
		EA895F522885EC4900E1C001 /* Build configuration list for PBXNativeTarget "CinemaTests" */ = {
			isa = XCConfigurationList;
			buildConfigurations = (
				EA895F532885EC4900E1C001 /* Debug */,
				EA895F542885EC4900E1C001 /* Release */,
			);
			defaultConfigurationIsVisible = 0;
			defaultConfigurationName = Release;
		};
		EA895F552885EC4900E1C001 /* Build configuration list for PBXNativeTarget "CinemaUITests" */ = {
			isa = XCConfigurationList;
			buildConfigurations = (
				EA895F562885EC4900E1C001 /* Debug */,
				EA895F572885EC4900E1C001 /* Release */,
			);
			defaultConfigurationIsVisible = 0;
			defaultConfigurationName = Release;
		};
/* End XCConfigurationList section */
	};
	rootObject = EA895F1D2885EC4700E1C001 /* Project object */;
}
